Microsoft Visual Studio Solution File, Format Version 12.00
# Visual Studio Version 18
VisualStudioVersion = 18.0.11111.16 d18.0
MinimumVisualStudioVersion = 10.0.40219.1
Project("{2150E333-8FDC-42A3-9474-1A3956D46DE8}") = "src", "src", "{02EA681E-C7D8-13C7-8484-4AC65E1B71E8}"
EndProject
Project("{2150E333-8FDC-42A3-9474-1A3956D46DE8}") = "tests", "tests", "{95D14A52-B5A3-43B4-8116-2CDAD5E354B8}"
EndProject
Project("{2150E333-8FDC-42A3-9474-1A3956D46DE8}") = "Shared", "Shared", "{42A6C8C2-18DB-49C8-8B68-50F6FC82276F}"
EndProject
Project("{2150E333-8FDC-42A3-9474-1A3956D46DE8}") = "Modules", "Modules", "{1E87313C-EBA6-4C7A-96F3-469A15BACEFE}"
EndProject
Project("{FAE04EC0-301F-11D3-BF4B-00C04F79EFBC}") = "Kernel.Domain", "src\Shared\Kernel.Domain\Kernel.Domain.csproj", "{CCEF3C1A-278B-4960-AFEE-7BB4FA8C1A50}"
EndProject
Project("{FAE04EC0-301F-11D3-BF4B-00C04F79EFBC}") = "Kernel.Application", "src\Shared\Kernel.Application\Kernel.Application.csproj", "{24149B0A-A2BF-4D95-AB6C-9463BB6BF4C8}"
EndProject
Project("{FAE04EC0-301F-11D3-BF4B-00C04F79EFBC}") = "Kernel.Infrastructure", "src\Shared\Kernel.Infrastructure\Kernel.Infrastructure.csproj", "{6EE15516-223A-43B3-85A9-E7E0499C5CC3}"
EndProject
Project("{FAE04EC0-301F-11D3-BF4B-00C04F79EFBC}") = "Api", "src\Api\Api.csproj", "{D00AB551-5C1A-45C2-B6B2-83F44E7EA040}"
EndProject
Project("{FAE04EC0-301F-11D3-BF4B-00C04F79EFBC}") = "UnitTests", "tests\UnitTests\UnitTests.csproj", "{BFA3AB2A-A6CC-4371-854C-7BA959C38797}"
EndProject
Project("{FAE04EC0-301F-11D3-BF4B-00C04F79EFBC}") = "CommonTests", "tests\CommonTests\CommonTests.csproj", "{36D96A94-CE3F-4BA5-A38F-5A91BEBE482B}"
EndProject
Project("{FAE04EC0-301F-11D3-BF4B-00C04F79EFBC}") = "IntegrationTests", "tests\IntegrationTests\IntegrationTests.csproj", "{136DD2F1-8652-41D1-BBD9-CECB9FEB685F}"
EndProject
Project("{FAE04EC0-301F-11D3-BF4B-00C04F79EFBC}") = "E2ETests", "tests\E2ETests\E2ETests.csproj", "{FDC0AA0F-5F0C-4394-A4E9-3DF6A5C34931}"
EndProject
Global
	GlobalSection(SolutionConfigurationPlatforms) = preSolution
		Debug|Any CPU = Debug|Any CPU
		Release|Any CPU = Release|Any CPU
	EndGlobalSection
	GlobalSection(ProjectConfigurationPlatforms) = postSolution
		{CCEF3C1A-278B-4960-AFEE-7BB4FA8C1A50}.Debug|Any CPU.ActiveCfg = Debug|Any CPU
		{CCEF3C1A-278B-4960-AFEE-7BB4FA8C1A50}.Debug|Any CPU.Build.0 = Debug|Any CPU
		{CCEF3C1A-278B-4960-AFEE-7BB4FA8C1A50}.Release|Any CPU.ActiveCfg = Release|Any CPU
		{CCEF3C1A-278B-4960-AFEE-7BB4FA8C1A50}.Release|Any CPU.Build.0 = Release|Any CPU
		{24149B0A-A2BF-4D95-AB6C-9463BB6BF4C8}.Debug|Any CPU.ActiveCfg = Debug|Any CPU
		{24149B0A-A2BF-4D95-AB6C-9463BB6BF4C8}.Debug|Any CPU.Build.0 = Debug|Any CPU
		{24149B0A-A2BF-4D95-AB6C-9463BB6BF4C8}.Release|Any CPU.ActiveCfg = Release|Any CPU
		{24149B0A-A2BF-4D95-AB6C-9463BB6BF4C8}.Release|Any CPU.Build.0 = Release|Any CPU
		{6EE15516-223A-43B3-85A9-E7E0499C5CC3}.Debug|Any CPU.ActiveCfg = Debug|Any CPU
		{6EE15516-223A-43B3-85A9-E7E0499C5CC3}.Debug|Any CPU.Build.0 = Debug|Any CPU
		{6EE15516-223A-43B3-85A9-E7E0499C5CC3}.Release|Any CPU.ActiveCfg = Release|Any CPU
		{6EE15516-223A-43B3-85A9-E7E0499C5CC3}.Release|Any CPU.Build.0 = Release|Any CPU
		{D00AB551-5C1A-45C2-B6B2-83F44E7EA040}.Debug|Any CPU.ActiveCfg = Debug|Any CPU
		{D00AB551-5C1A-45C2-B6B2-83F44E7EA040}.Debug|Any CPU.Build.0 = Debug|Any CPU
		{D00AB551-5C1A-45C2-B6B2-83F44E7EA040}.Release|Any CPU.ActiveCfg = Release|Any CPU
		{D00AB551-5C1A-45C2-B6B2-83F44E7EA040}.Release|Any CPU.Build.0 = Release|Any CPU
		{BFA3AB2A-A6CC-4371-854C-7BA959C38797}.Debug|Any CPU.ActiveCfg = Debug|Any CPU
		{BFA3AB2A-A6CC-4371-854C-7BA959C38797}.Debug|Any CPU.Build.0 = Debug|Any CPU
		{BFA3AB2A-A6CC-4371-854C-7BA959C38797}.Release|Any CPU.ActiveCfg = Release|Any CPU
		{BFA3AB2A-A6CC-4371-854C-7BA959C38797}.Release|Any CPU.Build.0 = Release|Any CPU
		{36D96A94-CE3F-4BA5-A38F-5A91BEBE482B}.Debug|Any CPU.ActiveCfg = Debug|Any CPU
		{36D96A94-CE3F-4BA5-A38F-5A91BEBE482B}.Debug|Any CPU.Build.0 = Debug|Any CPU
		{36D96A94-CE3F-4BA5-A38F-5A91BEBE482B}.Release|Any CPU.ActiveCfg = Release|Any CPU
		{36D96A94-CE3F-4BA5-A38F-5A91BEBE482B}.Release|Any CPU.Build.0 = Release|Any CPU
		{136DD2F1-8652-41D1-BBD9-CECB9FEB685F}.Debug|Any CPU.ActiveCfg = Debug|Any CPU
		{136DD2F1-8652-41D1-BBD9-CECB9FEB685F}.Debug|Any CPU.Build.0 = Debug|Any CPU
		{136DD2F1-8652-41D1-BBD9-CECB9FEB685F}.Release|Any CPU.ActiveCfg = Release|Any CPU
		{136DD2F1-8652-41D1-BBD9-CECB9FEB685F}.Release|Any CPU.Build.0 = Release|Any CPU
		{FDC0AA0F-5F0C-4394-A4E9-3DF6A5C34931}.Debug|Any CPU.ActiveCfg = Debug|Any CPU
		{FDC0AA0F-5F0C-4394-A4E9-3DF6A5C34931}.Debug|Any CPU.Build.0 = Debug|Any CPU
		{FDC0AA0F-5F0C-4394-A4E9-3DF6A5C34931}.Release|Any CPU.ActiveCfg = Release|Any CPU
		{FDC0AA0F-5F0C-4394-A4E9-3DF6A5C34931}.Release|Any CPU.Build.0 = Release|Any CPU
	EndGlobalSection
	GlobalSection(SolutionProperties) = preSolution
		HideSolutionNode = FALSE
	EndGlobalSection
	GlobalSection(NestedProjects) = preSolution
		{42A6C8C2-18DB-49C8-8B68-50F6FC82276F} = {02EA681E-C7D8-13C7-8484-4AC65E1B71E8}
		{1E87313C-EBA6-4C7A-96F3-469A15BACEFE} = {02EA681E-C7D8-13C7-8484-4AC65E1B71E8}
		{CCEF3C1A-278B-4960-AFEE-7BB4FA8C1A50} = {42A6C8C2-18DB-49C8-8B68-50F6FC82276F}
		{24149B0A-A2BF-4D95-AB6C-9463BB6BF4C8} = {42A6C8C2-18DB-49C8-8B68-50F6FC82276F}
		{6EE15516-223A-43B3-85A9-E7E0499C5CC3} = {42A6C8C2-18DB-49C8-8B68-50F6FC82276F}
		{D00AB551-5C1A-45C2-B6B2-83F44E7EA040} = {02EA681E-C7D8-13C7-8484-4AC65E1B71E8}
		{BFA3AB2A-A6CC-4371-854C-7BA959C38797} = {95D14A52-B5A3-43B4-8116-2CDAD5E354B8}
		{36D96A94-CE3F-4BA5-A38F-5A91BEBE482B} = {95D14A52-B5A3-43B4-8116-2CDAD5E354B8}
		{136DD2F1-8652-41D1-BBD9-CECB9FEB685F} = {95D14A52-B5A3-43B4-8116-2CDAD5E354B8}
		{FDC0AA0F-5F0C-4394-A4E9-3DF6A5C34931} = {95D14A52-B5A3-43B4-8116-2CDAD5E354B8}
	EndGlobalSection
	GlobalSection(ExtensibilityGlobals) = postSolution
		SolutionGuid = {61CD335D-677C-4517-B035-BB7B51149C1E}
	EndGlobalSection
EndGlobal
