Microsoft Visual Studio Solution File, Format Version 12.00
# Visual Studio Version 18
VisualStudioVersion = 18.0.11111.16
MinimumVisualStudioVersion = 10.0.40219.1
Project("{2150E333-8FDC-42A3-9474-1A3956D46DE8}") = "src", "src", "{6ECC73F0-8696-460C-AD69-5329FF8B8615}"
EndProject
Project("{2150E333-8FDC-42A3-9474-1A3956D46DE8}") = "tests", "tests", "{DE11700F-C9AD-48ED-9476-E1B16689B538}"
EndProject
Project("{2150E333-8FDC-42A3-9474-1A3956D46DE8}") = "Shared", "Shared", "{96A8820B-0519-4581-991E-CDB51D94AE75}"
EndProject
Project("{2150E333-8FDC-42A3-9474-1A3956D46DE8}") = "Modules", "Modules", "{C4AB3FD0-75AF-46B2-A20E-D2F372431090}"
EndProject
Project("{FAE04EC0-301F-11D3-BF4B-00C04F79EFBC}") = "Kernel.Domain", "src\Shared\Kernel.Domain\Kernel.Domain.csproj", "{CBE060E1-C4E5-4914-9687-9F77D7E5075E}"
EndProject
Project("{FAE04EC0-301F-11D3-BF4B-00C04F79EFBC}") = "Kernel.Application", "src\Shared\Kernel.Application\Kernel.Application.csproj", "{BA842487-0C69-4607-AD7F-8D95D4365867}"
EndProject
Project("{FAE04EC0-301F-11D3-BF4B-00C04F79EFBC}") = "Kernel.Infrastructure", "src\Shared\Kernel.Infrastructure\Kernel.Infrastructure.csproj", "{50DA7044-7102-42CF-9B50-09FA0D200CEB}"
EndProject
Project("{FAE04EC0-301F-11D3-BF4B-00C04F79EFBC}") = "Api", "src\Api\Api.csproj", "{FC742E04-6423-4FEE-8EFD-46944B3B9A74}"
EndProject
Project("{FAE04EC0-301F-11D3-BF4B-00C04F79EFBC}") = "UnitTests", "tests\UnitTests\UnitTests.csproj", "{A0D78C08-5398-4977-97C1-D8C5ACB31E59}"
EndProject
Project("{FAE04EC0-301F-11D3-BF4B-00C04F79EFBC}") = "CommonTests", "tests\CommonTests\CommonTests.csproj", "{3E148F0F-A204-442A-BCB0-41A943EEDC96}"
EndProject
Project("{FAE04EC0-301F-11D3-BF4B-00C04F79EFBC}") = "IntegrationTests", "tests\IntegrationTests\IntegrationTests.csproj", "{06D77654-C5FF-4F8F-8080-EBD1B798854A}"
EndProject
Project("{FAE04EC0-301F-11D3-BF4B-00C04F79EFBC}") = "E2ETests", "tests\E2ETests\E2ETests.csproj", "{457C1A40-2BE2-4D82-95A8-D9444C20D71C}"
EndProject
Project("{2150E333-8FDC-42A3-9474-1A3956D46DE8}") = "Core", "Core", "{969DE8F4-4A22-48C3-B9BA-B352E6DF4EF7}"
EndProject
Project("{2150E333-8FDC-42A3-9474-1A3956D46DE8}") = "Identity", "Identity", "{67811E75-4EC0-48B2-BF8B-8ABF5EFCAF42}"
EndProject
Project("{FAE04EC0-301F-11D3-BF4B-00C04F79EFBC}") = "Identity.Domain", "src\Core\Identity\Identity.Domain\Identity.Domain.csproj", "{844B8295-EBD4-4AB0-9626-450EE2D70B9F}"
EndProject
Project("{FAE04EC0-301F-11D3-BF4B-00C04F79EFBC}") = "Identity.Application", "src\Core\Identity\Identity.Application\Identity.Application.csproj", "{E62ED1BB-5B19-432B-B897-18A5F4D2C148}"
EndProject
Project("{FAE04EC0-301F-11D3-BF4B-00C04F79EFBC}") = "Identity.Infrastructure", "src\Core\Identity\Identity.Infrastructure\Identity.Infrastructure.csproj", "{FB4689EC-A0D8-42B6-AE99-FB9A64C18E3A}"
EndProject
Global
	GlobalSection(SolutionConfigurationPlatforms) = preSolution
		Debug|Any CPU = Debug|Any CPU
		Release|Any CPU = Release|Any CPU
	EndGlobalSection
	GlobalSection(ProjectConfigurationPlatforms) = postSolution
		{CBE060E1-C4E5-4914-9687-9F77D7E5075E}.Debug|Any CPU.ActiveCfg = Debug|Any CPU
		{CBE060E1-C4E5-4914-9687-9F77D7E5075E}.Debug|Any CPU.Build.0 = Debug|Any CPU
		{CBE060E1-C4E5-4914-9687-9F77D7E5075E}.Release|Any CPU.ActiveCfg = Release|Any CPU
		{CBE060E1-C4E5-4914-9687-9F77D7E5075E}.Release|Any CPU.Build.0 = Release|Any CPU
		{BA842487-0C69-4607-AD7F-8D95D4365867}.Debug|Any CPU.ActiveCfg = Debug|Any CPU
		{BA842487-0C69-4607-AD7F-8D95D4365867}.Debug|Any CPU.Build.0 = Debug|Any CPU
		{BA842487-0C69-4607-AD7F-8D95D4365867}.Release|Any CPU.ActiveCfg = Release|Any CPU
		{BA842487-0C69-4607-AD7F-8D95D4365867}.Release|Any CPU.Build.0 = Release|Any CPU
		{50DA7044-7102-42CF-9B50-09FA0D200CEB}.Debug|Any CPU.ActiveCfg = Debug|Any CPU
		{50DA7044-7102-42CF-9B50-09FA0D200CEB}.Debug|Any CPU.Build.0 = Debug|Any CPU
		{50DA7044-7102-42CF-9B50-09FA0D200CEB}.Release|Any CPU.ActiveCfg = Release|Any CPU
		{50DA7044-7102-42CF-9B50-09FA0D200CEB}.Release|Any CPU.Build.0 = Release|Any CPU
		{FC742E04-6423-4FEE-8EFD-46944B3B9A74}.Debug|Any CPU.ActiveCfg = Debug|Any CPU
		{FC742E04-6423-4FEE-8EFD-46944B3B9A74}.Debug|Any CPU.Build.0 = Debug|Any CPU
		{FC742E04-6423-4FEE-8EFD-46944B3B9A74}.Release|Any CPU.ActiveCfg = Release|Any CPU
		{FC742E04-6423-4FEE-8EFD-46944B3B9A74}.Release|Any CPU.Build.0 = Release|Any CPU
		{A0D78C08-5398-4977-97C1-D8C5ACB31E59}.Debug|Any CPU.ActiveCfg = Debug|Any CPU
		{A0D78C08-5398-4977-97C1-D8C5ACB31E59}.Debug|Any CPU.Build.0 = Debug|Any CPU
		{A0D78C08-5398-4977-97C1-D8C5ACB31E59}.Release|Any CPU.ActiveCfg = Release|Any CPU
		{A0D78C08-5398-4977-97C1-D8C5ACB31E59}.Release|Any CPU.Build.0 = Release|Any CPU
		{3E148F0F-A204-442A-BCB0-41A943EEDC96}.Debug|Any CPU.ActiveCfg = Debug|Any CPU
		{3E148F0F-A204-442A-BCB0-41A943EEDC96}.Debug|Any CPU.Build.0 = Debug|Any CPU
		{3E148F0F-A204-442A-BCB0-41A943EEDC96}.Release|Any CPU.ActiveCfg = Release|Any CPU
		{3E148F0F-A204-442A-BCB0-41A943EEDC96}.Release|Any CPU.Build.0 = Release|Any CPU
		{06D77654-C5FF-4F8F-8080-EBD1B798854A}.Debug|Any CPU.ActiveCfg = Debug|Any CPU
		{06D77654-C5FF-4F8F-8080-EBD1B798854A}.Debug|Any CPU.Build.0 = Debug|Any CPU
		{06D77654-C5FF-4F8F-8080-EBD1B798854A}.Release|Any CPU.ActiveCfg = Release|Any CPU
		{06D77654-C5FF-4F8F-8080-EBD1B798854A}.Release|Any CPU.Build.0 = Release|Any CPU
		{457C1A40-2BE2-4D82-95A8-D9444C20D71C}.Debug|Any CPU.ActiveCfg = Debug|Any CPU
		{457C1A40-2BE2-4D82-95A8-D9444C20D71C}.Debug|Any CPU.Build.0 = Debug|Any CPU
		{457C1A40-2BE2-4D82-95A8-D9444C20D71C}.Release|Any CPU.ActiveCfg = Release|Any CPU
		{457C1A40-2BE2-4D82-95A8-D9444C20D71C}.Release|Any CPU.Build.0 = Release|Any CPU
		{844B8295-EBD4-4AB0-9626-450EE2D70B9F}.Debug|Any CPU.ActiveCfg = Debug|Any CPU
		{844B8295-EBD4-4AB0-9626-450EE2D70B9F}.Debug|Any CPU.Build.0 = Debug|Any CPU
		{844B8295-EBD4-4AB0-9626-450EE2D70B9F}.Release|Any CPU.ActiveCfg = Release|Any CPU
		{844B8295-EBD4-4AB0-9626-450EE2D70B9F}.Release|Any CPU.Build.0 = Release|Any CPU
		{E62ED1BB-5B19-432B-B897-18A5F4D2C148}.Debug|Any CPU.ActiveCfg = Debug|Any CPU
		{E62ED1BB-5B19-432B-B897-18A5F4D2C148}.Debug|Any CPU.Build.0 = Debug|Any CPU
		{E62ED1BB-5B19-432B-B897-18A5F4D2C148}.Release|Any CPU.ActiveCfg = Release|Any CPU
		{E62ED1BB-5B19-432B-B897-18A5F4D2C148}.Release|Any CPU.Build.0 = Release|Any CPU
		{FB4689EC-A0D8-42B6-AE99-FB9A64C18E3A}.Debug|Any CPU.ActiveCfg = Debug|Any CPU
		{FB4689EC-A0D8-42B6-AE99-FB9A64C18E3A}.Debug|Any CPU.Build.0 = Debug|Any CPU
		{FB4689EC-A0D8-42B6-AE99-FB9A64C18E3A}.Release|Any CPU.ActiveCfg = Release|Any CPU
		{FB4689EC-A0D8-42B6-AE99-FB9A64C18E3A}.Release|Any CPU.Build.0 = Release|Any CPU
	EndGlobalSection
	GlobalSection(SolutionProperties) = preSolution
		HideSolutionNode = FALSE
	EndGlobalSection
	GlobalSection(NestedProjects) = preSolution
		{96A8820B-0519-4581-991E-CDB51D94AE75} = {6ECC73F0-8696-460C-AD69-5329FF8B8615}
		{C4AB3FD0-75AF-46B2-A20E-D2F372431090} = {6ECC73F0-8696-460C-AD69-5329FF8B8615}
		{CBE060E1-C4E5-4914-9687-9F77D7E5075E} = {96A8820B-0519-4581-991E-CDB51D94AE75}
		{BA842487-0C69-4607-AD7F-8D95D4365867} = {96A8820B-0519-4581-991E-CDB51D94AE75}
		{50DA7044-7102-42CF-9B50-09FA0D200CEB} = {96A8820B-0519-4581-991E-CDB51D94AE75}
		{FC742E04-6423-4FEE-8EFD-46944B3B9A74} = {6ECC73F0-8696-460C-AD69-5329FF8B8615}
		{A0D78C08-5398-4977-97C1-D8C5ACB31E59} = {DE11700F-C9AD-48ED-9476-E1B16689B538}
		{3E148F0F-A204-442A-BCB0-41A943EEDC96} = {DE11700F-C9AD-48ED-9476-E1B16689B538}
		{06D77654-C5FF-4F8F-8080-EBD1B798854A} = {DE11700F-C9AD-48ED-9476-E1B16689B538}
		{457C1A40-2BE2-4D82-95A8-D9444C20D71C} = {DE11700F-C9AD-48ED-9476-E1B16689B538}
		{969DE8F4-4A22-48C3-B9BA-B352E6DF4EF7} = {6ECC73F0-8696-460C-AD69-5329FF8B8615}
		{67811E75-4EC0-48B2-BF8B-8ABF5EFCAF42} = {969DE8F4-4A22-48C3-B9BA-B352E6DF4EF7}
		{844B8295-EBD4-4AB0-9626-450EE2D70B9F} = {67811E75-4EC0-48B2-BF8B-8ABF5EFCAF42}
		{E62ED1BB-5B19-432B-B897-18A5F4D2C148} = {67811E75-4EC0-48B2-BF8B-8ABF5EFCAF42}
		{FB4689EC-A0D8-42B6-AE99-FB9A64C18E3A} = {67811E75-4EC0-48B2-BF8B-8ABF5EFCAF42}
	EndGlobalSection
	GlobalSection(ExtensibilityGlobals) = postSolution
		SolutionGuid = {B5613DB9-56B6-4666-935E-CB0DE50E7822}
	EndGlobalSection
EndGlobal
